# This file is autogenerated, do not edit; changes may be undone by the next 'dep ensure'.


[[projects]]
  digest = "1:c1e15bbf10035756a31dae673650230b8d19796eb28769f88f9b0a584ab07781"
  name = "github.com/cockroachdb/apd"
  packages = ["."]
  pruneopts = "UT"
  revision = "b1ce49cb2a474f4416531e7395373eaafaa4fbe2"
  version = "v1.0.0"

[[projects]]
  digest = "1:a2c1d0e43bd3baaa071d1b9ed72c27d78169b2b269f71c105ac4ba34b1be4a39"
  name = "github.com/davecgh/go-spew"
  packages = ["spew"]
  pruneopts = "UT"
  revision = "346938d642f2ec3594ed81d874461961cd0faa76"
  version = "v1.1.0"

[[projects]]
  digest = "1:66ddebb274faa160a4a23394a17ad3c8e15fee9bf5408d13f77d22b61bc7f072"
  name = "github.com/go-chi/chi"
  packages = ["."]
  pruneopts = "UT"
  revision = "e83ac2304db3c50cf03d96a2fcd39009d458bc35"
  version = "v3.3.2"

[[projects]]
  digest = "1:40e195917a951a8bf867cd05de2a46aaf1806c50cf92eebf4c16f78cd196f747"
  name = "github.com/pkg/errors"
  packages = ["."]
  pruneopts = "UT"
  revision = "645ef00459ed84a119197bfb8d8205042c6df63d"
  version = "v0.8.0"

[[projects]]
  digest = "1:0028cb19b2e4c3112225cd871870f2d9cf49b9b4276531f03438a88e94be86fe"
  name = "github.com/pmezard/go-difflib"
  packages = ["difflib"]
  pruneopts = "UT"
  revision = "792786c7400a136282c1664665ae0a8db921c6c2"
  version = "v1.0.0"

[[projects]]
  digest = "1:befd7181c2f92c9f05abf17cd7e15538919f19cf7871d794cacc45a4fb99c135"
  name = "github.com/stretchr/testify"
  packages = [
    "assert",
    "require",
  ]
  pruneopts = "UT"
  revision = "f35b8ab0b5a2cef36673838d662e249dd9c94686"
  version = "v1.2.2"

[[projects]]
  digest = "1:777e729b475d3895c7229552aa10076f0d177daf37c0a72258006d046d329960"
  name = "go.uber.org/atomic"
  packages = ["."]
  pruneopts = "UT"
  revision = "4e336646b2ef9fc6e47be8e21594178f98e5ebcf"
  version = "v1.2.0"

[[projects]]
  digest = "1:60bf2a5e347af463c42ed31a493d817f8a72f102543060ed992754e689805d1a"
  name = "go.uber.org/multierr"
  packages = ["."]
  pruneopts = "UT"
  revision = "3c4937480c32f4c13a875a1829af76c98ca3d40a"
  version = "v1.1.0"

[[projects]]
  digest = "1:460b7b5d45569fa85bc34c0a9aa1498577afee6f24dac2d66a0d53d3737d29ab"
  name = "go.uber.org/zap"
  packages = [
    ".",
    "buffer",
    "internal/bufferpool",
    "internal/color",
    "internal/exit",
    "zapcore",
  ]
  pruneopts = "UT"
  revision = "4d45f9617f7d90f7a663ff21c7a4321dbe78098b"
  version = "v1.9.0"

[solve-meta]
  analyzer-name = "dep"
  analyzer-version = 1
  input-imports = [
    "github.com/cockroachdb/apd",
    "github.com/go-chi/chi",
    "github.com/pkg/errors",
    "github.com/stretchr/testify/require",
    "go.uber.org/zap",
  ]
  solver-name = "gps-cdcl"
  solver-version = 1
